
Microsoft Visual Studio Solution File, Format Version 12.00
# Visual Studio 15
VisualStudioVersion = 15.0.28010.2050
MinimumVisualStudioVersion = 10.0.40219.1
Project("{FAE04EC0-301F-11D3-BF4B-00C04F79EFBC}") = "Participation9-4", "Participation9-4\Participation9-4.csproj", "{9C5580EF-1346-44E4-BFCC-98D84F0DD171}"
EndProject
Global
	GlobalSection(SolutionConfigurationPlatforms) = preSolution
		Debug|Any CPU = Debug|Any CPU
		Release|Any CPU = Release|Any CPU
	EndGlobalSection
	GlobalSection(ProjectConfigurationPlatforms) = postSolution
		{9C5580EF-1346-44E4-BFCC-98D84F0DD171}.Debug|Any CPU.ActiveCfg = Debug|Any CPU
		{9C5580EF-1346-44E4-BFCC-98D84F0DD171}.Debug|Any CPU.Build.0 = Debug|Any CPU
		{9C5580EF-1346-44E4-BFCC-98D84F0DD171}.Release|Any CPU.ActiveCfg = Release|Any CPU
		{9C5580EF-1346-44E4-BFCC-98D84F0DD171}.Release|Any CPU.Build.0 = Release|Any CPU
	EndGlobalSection
	GlobalSection(SolutionProperties) = preSolution
		HideSolutionNode = FALSE
	EndGlobalSection
	GlobalSection(ExtensibilityGlobals) = postSolution
		SolutionGuid = {1BD1087C-5E6F-4E77-B476-3F120B2ED3D8}
	EndGlobalSection
EndGlobal
